
Microsoft Visual Studio Solution File, Format Version 12.00
# Visual Studio Version 17
VisualStudioVersion = 17.2.32505.173
MinimumVisualStudioVersion = 10.0.40219.1
Project("{FAE04EC0-301F-11D3-BF4B-00C04F79EFBC}") = "EmployeeAPI", "EmployeeAPI\EmployeeAPI.csproj", "{E115B4B1-F841-446E-B46D-E8D86F064AB8}"
EndProject
Global
	GlobalSection(SolutionConfigurationPlatforms) = preSolution
		Debug|Any CPU = Debug|Any CPU
		Release|Any CPU = Release|Any CPU
	EndGlobalSection
	GlobalSection(ProjectConfigurationPlatforms) = postSolution
		{E115B4B1-F841-446E-B46D-E8D86F064AB8}.Debug|Any CPU.ActiveCfg = Debug|Any CPU
		{E115B4B1-F841-446E-B46D-E8D86F064AB8}.Debug|Any CPU.Build.0 = Debug|Any CPU
		{E115B4B1-F841-446E-B46D-E8D86F064AB8}.Release|Any CPU.ActiveCfg = Release|Any CPU
		{E115B4B1-F841-446E-B46D-E8D86F064AB8}.Release|Any CPU.Build.0 = Release|Any CPU
	EndGlobalSection
	GlobalSection(SolutionProperties) = preSolution
		HideSolutionNode = FALSE
	EndGlobalSection
	GlobalSection(ExtensibilityGlobals) = postSolution
		SolutionGuid = {6363E640-57DC-4B22-AEFC-EE8CBC4A431F}
	EndGlobalSection
EndGlobal
